{
    "_readme": [
        "This file locks the dependencies of your project to a known state",
        "Read more about it at https://getcomposer.org/doc/01-basic-usage.md#installing-dependencies",
        "This file is @generated automatically"
    ],
    "content-hash": "334ee092ccefe9adec5359d9546ac7ef",
    "packages": [
        {
            "name": "cabrerahector/wordpress-popular-posts",
            "version": "6.3.2",
            "source": {
                "type": "git",
                "url": "https://github.com/cabrerahector/wordpress-popular-posts.git",
                "reference": "24986edf0fbf065dcbdc62a86deef2ba53b4ee6c"
            },
            "dist": {
                "type": "zip",
                "url": "https://api.github.com/repos/cabrerahector/wordpress-popular-posts/zipball/24986edf0fbf065dcbdc62a86deef2ba53b4ee6c",
                "reference": "24986edf0fbf065dcbdc62a86deef2ba53b4ee6c",
                "shasum": ""
            },
            "require": {
                "php": ">=7.2.0"
            },
            "type": "library",
            "autoload": {
                "psr-4": {
                    "WordPressPopularPosts\\": "src/"
                }
            },
            "license": [
                "GPL2"
            ],
            "authors": [
                {
                    "name": "Hector Cabrera",
                    "email": "me@cabrerahector.com",
                    "role": "Creator / Main Developer"
                }
            ],
            "description": "A highly customizable widget that displays the most popular posts on your blog.",
            "keywords": [
                "popular",
                "popularity",
                "posts",
                "trending"
            ],
            "support": {
                "source": "https://github.com/cabrerahector/wordpress-popular-posts/tree/6.3.2",
                "issues": "https://github.com/cabrerahector/wordpress-popular-posts/issues"
            },
            "time": "2023-09-12T18:39:57+00:00"
        },
        {
            "name": "composer/installers",
            "version": "v2.3.0",
            "source": {
                "type": "git",
                "url": "https://github.com/composer/installers.git",
                "reference": "12fb2dfe5e16183de69e784a7b84046c43d97e8e"
            },
            "dist": {
                "type": "zip",
                "url": "https://api.github.com/repos/composer/installers/zipball/12fb2dfe5e16183de69e784a7b84046c43d97e8e",
                "reference": "12fb2dfe5e16183de69e784a7b84046c43d97e8e",
                "shasum": ""
            },
            "require": {
                "composer-plugin-api": "^1.0 || ^2.0",
                "php": "^7.2 || ^8.0"
            },
            "require-dev": {
                "composer/composer": "^1.10.27 || ^2.7",
                "composer/semver": "^1.7.2 || ^3.4.0",
                "phpstan/phpstan": "^1.11",
                "phpstan/phpstan-phpunit": "^1",
                "symfony/phpunit-bridge": "^7.1.1",
                "symfony/process": "^5 || ^6 || ^7"
            },
            "type": "composer-plugin",
            "extra": {
                "class": "Composer\\Installers\\Plugin",
                "branch-alias": {
                    "dev-main": "2.x-dev"
                },
                "plugin-modifies-install-path": true
            },
            "autoload": {
                "psr-4": {
                    "Composer\\Installers\\": "src/Composer/Installers"
                }
            },
            "notification-url": "https://packagist.org/downloads/",
            "license": [
                "MIT"
            ],
            "authors": [
                {
                    "name": "Kyle Robinson Young",
                    "email": "kyle@dontkry.com",
                    "homepage": "https://github.com/shama"
                }
            ],
            "description": "A multi-framework Composer library installer",
            "homepage": "https://composer.github.io/installers/",
            "keywords": [
                "Dolibarr",
                "Eliasis",
                "Hurad",
                "ImageCMS",
                "Kanboard",
                "Lan Management System",
                "MODX Evo",
                "MantisBT",
                "Mautic",
                "Maya",
                "OXID",
                "Plentymarkets",
                "Porto",
                "RadPHP",
                "SMF",
                "Starbug",
                "Thelia",
                "Whmcs",
                "WolfCMS",
                "agl",
                "annotatecms",
                "attogram",
                "bitrix",
                "cakephp",
                "chef",
                "cockpit",
                "codeigniter",
                "concrete5",
                "concreteCMS",
                "croogo",
                "dokuwiki",
                "drupal",
                "eZ Platform",
                "elgg",
                "expressionengine",
                "fuelphp",
                "grav",
                "installer",
                "itop",
                "known",
                "kohana",
                "laravel",
                "lavalite",
                "lithium",
                "magento",
                "majima",
                "mako",
                "matomo",
                "mediawiki",
                "miaoxing",
                "modulework",
                "modx",
                "moodle",
                "osclass",
                "pantheon",
                "phpbb",
                "piwik",
                "ppi",
                "processwire",
                "puppet",
                "pxcms",
                "reindex",
                "roundcube",
                "shopware",
                "silverstripe",
                "sydes",
                "sylius",
                "tastyigniter",
                "wordpress",
                "yawik",
                "zend",
                "zikula"
            ],
            "support": {
                "issues": "https://github.com/composer/installers/issues",
                "source": "https://github.com/composer/installers/tree/v2.3.0"
            },
            "funding": [
                {
                    "url": "https://packagist.com",
                    "type": "custom"
                },
                {
                    "url": "https://github.com/composer",
                    "type": "github"
                },
                {
                    "url": "https://tidelift.com/funding/github/packagist/composer/composer",
                    "type": "tidelift"
                }
            ],
            "time": "2024-06-24T20:46:46+00:00"
        },
        {
            "name": "envato/wp-envato-market",
            "version": "v2.0.12",
            "source": {
                "type": "git",
                "url": "https://github.com/envato/wp-envato-market.git",
                "reference": "fae298af216634e5c33512aa106d8f119d91d3fd"
            },
            "dist": {
                "type": "zip",
                "url": "https://api.github.com/repos/envato/wp-envato-market/zipball/fae298af216634e5c33512aa106d8f119d91d3fd",
                "reference": "fae298af216634e5c33512aa106d8f119d91d3fd",
                "shasum": ""
            },
            "require": {
                "php": ">=5.4.0"
            },
            "require-dev": {
                "php-coveralls/php-coveralls": "^2.6",
                "phpunit/phpunit": "^9.6",
                "squizlabs/php_codesniffer": "^3.7"
            },
            "type": "wordpress-plugin",
            "license": [
                "GPL-2.0-or-later"
            ],
            "authors": [
                {
                    "name": "Envato",
                    "homepage": "https://envato.com"
                }
            ],
            "description": "WordPress Theme & Plugin management for the Envato Market.",
            "support": {
                "source": "https://github.com/envato/wp-envato-market/tree/v2.0.12"
            },
            "time": "2024-08-14T04:41:45+00:00"
        },
        {
            "name": "visualcomposer/builder",
            "version": "45.5.0",
            "source": {
                "type": "git",
                "url": "https://github.com/visualcomposer/builder",
                "reference": "master"
            },
            "type": "wordpress-plugin"
        },
        {
            "name": "wordpress-premium/wpbakery-page-builder",
            "version": "v7.9",
            "source": {
                "type": "git",
                "url": "https://github.com/wordpress-premium/wpbakery-page-builder.git",
                "reference": "1ea3efadaac6537846def82742a70934a14b93f4"
            },
            "dist": {
                "type": "zip",
                "url": "https://api.github.com/repos/wordpress-premium/wpbakery-page-builder/zipball/1ea3efadaac6537846def82742a70934a14b93f4",
                "reference": "1ea3efadaac6537846def82742a70934a14b93f4",
                "shasum": ""
            },
            "type": "wordpress-plugin",
            "license": [
                "GPL-2.0-or-later"
            ],
            "description": "WPBakery Page Builder plugin for WordPress – create any layout with intuitive front-end and back-end drag-and-drop editors. No coding required. Low code for advanced customization. AI assistant.",
            "support": {
                "source": "https://github.com/wordpress-premium/wpbakery-page-builder/tree/v7.9",
                "issues": "https://github.com/wordpress-premium/wpbakery-page-builder/issues"
            },
            "time": "2024-10-26T22:09:04+00:00"
        },
        {
            "name": "wpackagist-plugin/akismet",
            "version": "dev-trunk",
            "source": {
                "type": "svn",
                "url": "https://plugins.svn.wordpress.org/akismet/",
                "reference": "trunk"
            },
            "dist": {
                "type": "zip",
                "url": "https://downloads.wordpress.org/plugin/akismet.zip?timestamp=1743555391"
            },
            "require": {
                "composer/installers": "^1.0 || ^2.0"
            },
            "type": "wordpress-plugin",
            "homepage": "https://wordpress.org/plugins/akismet/",
            "time": "2025-04-02T00:56:31+00:00"
        },
        {
            "name": "wpackagist-plugin/attachments",
            "version": "3.5.9",
            "source": {
                "type": "svn",
                "url": "https://plugins.svn.wordpress.org/attachments/",
                "reference": "tags/3.5.9"
            },
            "dist": {
                "type": "zip",
                "url": "https://downloads.wordpress.org/plugin/attachments.3.5.9.zip"
            },
            "require": {
                "composer/installers": "^1.0 || ^2.0"
            },
            "type": "wordpress-plugin",
            "homepage": "https://wordpress.org/plugins/attachments/"
        },
        {
            "name": "wpackagist-plugin/feedzy-rss-feeds",
            "version": "4.2.7",
            "source": {
                "type": "svn",
                "url": "https://plugins.svn.wordpress.org/feedzy-rss-feeds/",
                "reference": "tags/4.2.7"
            },
            "dist": {
                "type": "zip",
                "url": "https://downloads.wordpress.org/plugin/feedzy-rss-feeds.4.2.7.zip"
            },
            "require": {
                "composer/installers": "^1.0 || ^2.0"
            },
            "type": "wordpress-plugin",
            "homepage": "https://wordpress.org/plugins/feedzy-rss-feeds/"
        },
        {
            "name": "wpackagist-plugin/google-site-kit",
            "version": "1.104.0",
            "source": {
                "type": "svn",
                "url": "https://plugins.svn.wordpress.org/google-site-kit/",
                "reference": "tags/1.104.0"
            },
            "dist": {
                "type": "zip",
                "url": "https://downloads.wordpress.org/plugin/google-site-kit.1.104.0.zip"
            },
            "require": {
                "composer/installers": "^1.0 || ^2.0"
            },
            "type": "wordpress-plugin",
            "homepage": "https://wordpress.org/plugins/google-site-kit/"
        },
        {
            "name": "wpackagist-plugin/gtranslate",
            "version": "3.0.3",
            "source": {
                "type": "svn",
                "url": "https://plugins.svn.wordpress.org/gtranslate/",
                "reference": "tags/3.0.3"
            },
            "dist": {
                "type": "zip",
                "url": "https://downloads.wordpress.org/plugin/gtranslate.3.0.3.zip"
            },
            "require": {
                "composer/installers": "^1.0 || ^2.0"
            },
            "type": "wordpress-plugin",
            "homepage": "https://wordpress.org/plugins/gtranslate/"
        },
        {
            "name": "wpackagist-plugin/jetpack",
            "version": "9.6",
            "source": {
                "type": "svn",
                "url": "https://plugins.svn.wordpress.org/jetpack/",
                "reference": "tags/9.6"
            },
            "dist": {
                "type": "zip",
                "url": "https://downloads.wordpress.org/plugin/jetpack.9.6.zip"
            },
            "require": {
                "composer/installers": "^1.0 || ^2.0"
            },
            "type": "wordpress-plugin",
            "homepage": "https://wordpress.org/plugins/jetpack/"
        },
        {
            "name": "wpackagist-plugin/regenerate-thumbnails",
            "version": "3.1.5",
            "source": {
                "type": "svn",
                "url": "https://plugins.svn.wordpress.org/regenerate-thumbnails/",
                "reference": "tags/3.1.5"
            },
            "dist": {
                "type": "zip",
                "url": "https://downloads.wordpress.org/plugin/regenerate-thumbnails.3.1.5.zip"
            },
            "require": {
                "composer/installers": "^1.0 || ^2.0"
            },
            "type": "wordpress-plugin",
            "homepage": "https://wordpress.org/plugins/regenerate-thumbnails/"
        },
        {
            "name": "wpackagist-plugin/simple-iframe",
            "version": "1.2.0",
            "source": {
                "type": "svn",
                "url": "https://plugins.svn.wordpress.org/simple-iframe/",
                "reference": "trunk"
            },
            "dist": {
                "type": "zip",
                "url": "https://downloads.wordpress.org/plugin/simple-iframe.zip?timestamp=1717961753"
            },
            "require": {
                "composer/installers": "^1.0 || ^2.0"
            },
            "type": "wordpress-plugin",
            "homepage": "https://wordpress.org/plugins/simple-iframe/"
        },
        {
            "name": "wpackagist-plugin/wordpress-seo",
            "version": "18.0",
            "source": {
                "type": "svn",
                "url": "https://plugins.svn.wordpress.org/wordpress-seo/",
                "reference": "tags/18.0"
            },
            "dist": {
                "type": "zip",
                "url": "https://downloads.wordpress.org/plugin/wordpress-seo.18.0.zip"
            },
            "require": {
                "composer/installers": "^1.0 || ^2.0"
            },
            "type": "wordpress-plugin",
            "homepage": "https://wordpress.org/plugins/wordpress-seo/"
        },
        {
            "name": "wpackagist-plugin/wp-linkedin-auto-publish",
            "version": "8.1",
            "source": {
                "type": "svn",
                "url": "https://plugins.svn.wordpress.org/wp-linkedin-auto-publish/",
                "reference": "tags/8.1"
            },
            "dist": {
                "type": "zip",
                "url": "https://downloads.wordpress.org/plugin/wp-linkedin-auto-publish.8.1.zip"
            },
            "require": {
                "composer/installers": "^1.0 || ^2.0"
            },
            "type": "wordpress-plugin",
            "homepage": "https://wordpress.org/plugins/wp-linkedin-auto-publish/"
        },
        {
            "name": "wpackagist-plugin/wp-modal-popup-with-cookie-integration",
            "version": "2.4",
            "source": {
                "type": "svn",
                "url": "https://plugins.svn.wordpress.org/wp-modal-popup-with-cookie-integration/",
                "reference": "tags/2.4"
            },
            "dist": {
                "type": "zip",
                "url": "https://downloads.wordpress.org/plugin/wp-modal-popup-with-cookie-integration.2.4.zip"
            },
            "require": {
                "composer/installers": "^1.0 || ^2.0"
            },
            "type": "wordpress-plugin",
            "homepage": "https://wordpress.org/plugins/wp-modal-popup-with-cookie-integration/"
        }
    ],
    "packages-dev": [],
    "aliases": [],
    "minimum-stability": "stable",
    "stability-flags": {
        "wpackagist-plugin/akismet": 20
    },
    "prefer-stable": false,
    "prefer-lowest": false,
    "platform": {},
    "platform-dev": {},
    "plugin-api-version": "2.6.0"
}
